
Microsoft Visual Studio Solution File, Format Version 12.00
# Visual Studio 2012
Project("{FAE04EC0-301F-11D3-BF4B-00C04F79EFBC}") = "IPsec", "IPsec\IPsec.csproj", "{67CAFBB6-EEF5-4069-BAFD-9788CDEC0621}"
EndProject
Global
	GlobalSection(SolutionConfigurationPlatforms) = preSolution
		Debug|Any CPU = Debug|Any CPU
		Release|Any CPU = Release|Any CPU
	EndGlobalSection
	GlobalSection(ProjectConfigurationPlatforms) = postSolution
		{67CAFBB6-EEF5-4069-BAFD-9788CDEC0621}.Debug|Any CPU.ActiveCfg = Debug|Any CPU
		{67CAFBB6-EEF5-4069-BAFD-9788CDEC0621}.Debug|Any CPU.Build.0 = Debug|Any CPU
		{67CAFBB6-EEF5-4069-BAFD-9788CDEC0621}.Release|Any CPU.ActiveCfg = Release|Any CPU
		{67CAFBB6-EEF5-4069-BAFD-9788CDEC0621}.Release|Any CPU.Build.0 = Release|Any CPU
	EndGlobalSection
	GlobalSection(SolutionProperties) = preSolution
		HideSolutionNode = FALSE
	EndGlobalSection
EndGlobal
